// !$*UTF8*$!
{
	archiveVersion = 1;
	classes = {
	};
	objectVersion = 51;
	objects = {

/* Begin PBXBuildFile section */
		0E5BA0618299F577D0D2B586 /* Pods_VKNew.framework in Frameworks */ = {isa = PBXBuildFile; fileRef = C6EA40933749CCE9700929BE /* Pods_VKNew.framework */; };
		28F0A39627350E5700679CEC /* AppDelegate.swift in Sources */ = {isa = PBXBuildFile; fileRef = 28F0A39527350E5700679CEC /* AppDelegate.swift */; };
		28F0A39827350E5700679CEC /* SceneDelegate.swift in Sources */ = {isa = PBXBuildFile; fileRef = 28F0A39727350E5700679CEC /* SceneDelegate.swift */; };
		28F0A39A27350E5700679CEC /* StartViewController.swift in Sources */ = {isa = PBXBuildFile; fileRef = 28F0A39927350E5700679CEC /* StartViewController.swift */; };
		28F0A3A027350E5700679CEC /* VKNew.xcdatamodeld in Sources */ = {isa = PBXBuildFile; fileRef = 28F0A39E27350E5700679CEC /* VKNew.xcdatamodeld */; };
		28F0A3A227350E5D00679CEC /* Assets.xcassets in Resources */ = {isa = PBXBuildFile; fileRef = 28F0A3A127350E5D00679CEC /* Assets.xcassets */; };
		28F0A3A527350E5D00679CEC /* LaunchScreen.storyboard in Resources */ = {isa = PBXBuildFile; fileRef = 28F0A3A327350E5D00679CEC /* LaunchScreen.storyboard */; };
		28F0A3AD27350E9F00679CEC /* RegistrationViewController.swift in Sources */ = {isa = PBXBuildFile; fileRef = 28F0A3AC27350E9F00679CEC /* RegistrationViewController.swift */; };
		28F0A3AF27350EA900679CEC /* LoginViewController.swift in Sources */ = {isa = PBXBuildFile; fileRef = 28F0A3AE27350EA900679CEC /* LoginViewController.swift */; };
		28F0A3B327351F7D00679CEC /* AcceptRegistrationViewController.swift in Sources */ = {isa = PBXBuildFile; fileRef = 28F0A3B227351F7D00679CEC /* AcceptRegistrationViewController.swift */; };
		28F0A3B527353E1C00679CEC /* MainTabBarController.swift in Sources */ = {isa = PBXBuildFile; fileRef = 28F0A3B427353E1C00679CEC /* MainTabBarController.swift */; };
		28F0A3B727353E5500679CEC /* MainViewController.swift in Sources */ = {isa = PBXBuildFile; fileRef = 28F0A3B627353E5500679CEC /* MainViewController.swift */; };
		28F0A3B927353E9900679CEC /* ProfileViewController.swift in Sources */ = {isa = PBXBuildFile; fileRef = 28F0A3B827353E9900679CEC /* ProfileViewController.swift */; };
		28F0A3BB27353EB500679CEC /* SavedPostViewController.swift in Sources */ = {isa = PBXBuildFile; fileRef = 28F0A3BA27353EB500679CEC /* SavedPostViewController.swift */; };
/* End PBXBuildFile section */

/* Begin PBXFileReference section */
		20FB4FA6E3B82B1F30F474DC /* Pods-VKNew.debug.xcconfig */ = {isa = PBXFileReference; includeInIndex = 1; lastKnownFileType = text.xcconfig; name = "Pods-VKNew.debug.xcconfig"; path = "Target Support Files/Pods-VKNew/Pods-VKNew.debug.xcconfig"; sourceTree = "<group>"; };
		28F0A39227350E5700679CEC /* VKNew.app */ = {isa = PBXFileReference; explicitFileType = wrapper.application; includeInIndex = 0; path = VKNew.app; sourceTree = BUILT_PRODUCTS_DIR; };
		28F0A39527350E5700679CEC /* AppDelegate.swift */ = {isa = PBXFileReference; lastKnownFileType = sourcecode.swift; path = AppDelegate.swift; sourceTree = "<group>"; };
		28F0A39727350E5700679CEC /* SceneDelegate.swift */ = {isa = PBXFileReference; lastKnownFileType = sourcecode.swift; path = SceneDelegate.swift; sourceTree = "<group>"; };
		28F0A39927350E5700679CEC /* StartViewController.swift */ = {isa = PBXFileReference; lastKnownFileType = sourcecode.swift; path = StartViewController.swift; sourceTree = "<group>"; };
		28F0A39F27350E5700679CEC /* VKNew.xcdatamodel */ = {isa = PBXFileReference; lastKnownFileType = wrapper.xcdatamodel; path = VKNew.xcdatamodel; sourceTree = "<group>"; };
		28F0A3A127350E5D00679CEC /* Assets.xcassets */ = {isa = PBXFileReference; lastKnownFileType = folder.assetcatalog; path = Assets.xcassets; sourceTree = "<group>"; };
		28F0A3A427350E5D00679CEC /* Base */ = {isa = PBXFileReference; lastKnownFileType = file.storyboard; name = Base; path = Base.lproj/LaunchScreen.storyboard; sourceTree = "<group>"; };
		28F0A3A627350E5D00679CEC /* Info.plist */ = {isa = PBXFileReference; lastKnownFileType = text.plist.xml; path = Info.plist; sourceTree = "<group>"; };
		28F0A3AC27350E9F00679CEC /* RegistrationViewController.swift */ = {isa = PBXFileReference; lastKnownFileType = sourcecode.swift; path = RegistrationViewController.swift; sourceTree = "<group>"; };
		28F0A3AE27350EA900679CEC /* LoginViewController.swift */ = {isa = PBXFileReference; lastKnownFileType = sourcecode.swift; path = LoginViewController.swift; sourceTree = "<group>"; };
		28F0A3B227351F7D00679CEC /* AcceptRegistrationViewController.swift */ = {isa = PBXFileReference; lastKnownFileType = sourcecode.swift; path = AcceptRegistrationViewController.swift; sourceTree = "<group>"; };
		28F0A3B427353E1C00679CEC /* MainTabBarController.swift */ = {isa = PBXFileReference; lastKnownFileType = sourcecode.swift; path = MainTabBarController.swift; sourceTree = "<group>"; };
		28F0A3B627353E5500679CEC /* MainViewController.swift */ = {isa = PBXFileReference; lastKnownFileType = sourcecode.swift; path = MainViewController.swift; sourceTree = "<group>"; };
		28F0A3B827353E9900679CEC /* ProfileViewController.swift */ = {isa = PBXFileReference; lastKnownFileType = sourcecode.swift; path = ProfileViewController.swift; sourceTree = "<group>"; };
		28F0A3BA27353EB500679CEC /* SavedPostViewController.swift */ = {isa = PBXFileReference; lastKnownFileType = sourcecode.swift; path = SavedPostViewController.swift; sourceTree = "<group>"; };
		60F8287DBA1E5764B881B2AE /* Pods-VKNew.release.xcconfig */ = {isa = PBXFileReference; includeInIndex = 1; lastKnownFileType = text.xcconfig; name = "Pods-VKNew.release.xcconfig"; path = "Target Support Files/Pods-VKNew/Pods-VKNew.release.xcconfig"; sourceTree = "<group>"; };
		C6EA40933749CCE9700929BE /* Pods_VKNew.framework */ = {isa = PBXFileReference; explicitFileType = wrapper.framework; includeInIndex = 0; path = Pods_VKNew.framework; sourceTree = BUILT_PRODUCTS_DIR; };
/* End PBXFileReference section */

/* Begin PBXFrameworksBuildPhase section */
		28F0A38F27350E5700679CEC /* Frameworks */ = {
			isa = PBXFrameworksBuildPhase;
			buildActionMask = 2147483647;
			files = (
				0E5BA0618299F577D0D2B586 /* Pods_VKNew.framework in Frameworks */,
			);
			runOnlyForDeploymentPostprocessing = 0;
		};
/* End PBXFrameworksBuildPhase section */

/* Begin PBXGroup section */
		28F0A38927350E5700679CEC = {
			isa = PBXGroup;
			children = (
				28F0A39427350E5700679CEC /* VKNew */,
				28F0A39327350E5700679CEC /* Products */,
				8831CA3464FAE1F85D8A335E /* Pods */,
				CEDBD7E78073AE2A0D71AC3C /* Frameworks */,
			);
			sourceTree = "<group>";
		};
		28F0A39327350E5700679CEC /* Products */ = {
			isa = PBXGroup;
			children = (
				28F0A39227350E5700679CEC /* VKNew.app */,
			);
			name = Products;
			sourceTree = "<group>";
		};
		28F0A39427350E5700679CEC /* VKNew */ = {
			isa = PBXGroup;
			children = (
				28F0A39527350E5700679CEC /* AppDelegate.swift */,
				28F0A39727350E5700679CEC /* SceneDelegate.swift */,
				28F0A3AC27350E9F00679CEC /* RegistrationViewController.swift */,
				28F0A39927350E5700679CEC /* StartViewController.swift */,
				28F0A3AE27350EA900679CEC /* LoginViewController.swift */,
				28F0A3B627353E5500679CEC /* MainViewController.swift */,
				28F0A3B427353E1C00679CEC /* MainTabBarController.swift */,
				28F0A3BA27353EB500679CEC /* SavedPostViewController.swift */,
				28F0A3B827353E9900679CEC /* ProfileViewController.swift */,
				28F0A3B227351F7D00679CEC /* AcceptRegistrationViewController.swift */,
				28F0A3A127350E5D00679CEC /* Assets.xcassets */,
				28F0A3A327350E5D00679CEC /* LaunchScreen.storyboard */,
				28F0A3A627350E5D00679CEC /* Info.plist */,
				28F0A39E27350E5700679CEC /* VKNew.xcdatamodeld */,
			);
			path = VKNew;
			sourceTree = "<group>";
		};
		8831CA3464FAE1F85D8A335E /* Pods */ = {
			isa = PBXGroup;
			children = (
				20FB4FA6E3B82B1F30F474DC /* Pods-VKNew.debug.xcconfig */,
				60F8287DBA1E5764B881B2AE /* Pods-VKNew.release.xcconfig */,
			);
			path = Pods;
			sourceTree = "<group>";
		};
		CEDBD7E78073AE2A0D71AC3C /* Frameworks */ = {
			isa = PBXGroup;
			children = (
				C6EA40933749CCE9700929BE /* Pods_VKNew.framework */,
			);
			name = Frameworks;
			sourceTree = "<group>";
		};
/* End PBXGroup section */

/* Begin PBXNativeTarget section */
		28F0A39127350E5700679CEC /* VKNew */ = {
			isa = PBXNativeTarget;
			buildConfigurationList = 28F0A3A927350E5D00679CEC /* Build configuration list for PBXNativeTarget "VKNew" */;
			buildPhases = (
				C749141D0C13E649C83F9EF4 /* [CP] Check Pods Manifest.lock */,
				28F0A38E27350E5700679CEC /* Sources */,
				28F0A38F27350E5700679CEC /* Frameworks */,
				28F0A39027350E5700679CEC /* Resources */,
				98579CF9B67F2626C14B414E /* [CP] Embed Pods Frameworks */,
			);
			buildRules = (
			);
			dependencies = (
			);
			name = VKNew;
			productName = VKNew;
			productReference = 28F0A39227350E5700679CEC /* VKNew.app */;
			productType = "com.apple.product-type.application";
		};
/* End PBXNativeTarget section */

/* Begin PBXProject section */
		28F0A38A27350E5700679CEC /* Project object */ = {
			isa = PBXProject;
			attributes = {
				LastSwiftUpdateCheck = 1250;
				LastUpgradeCheck = 1250;
				TargetAttributes = {
					28F0A39127350E5700679CEC = {
						CreatedOnToolsVersion = 12.5.1;
					};
				};
			};
			buildConfigurationList = 28F0A38D27350E5700679CEC /* Build configuration list for PBXProject "VKNew" */;
			compatibilityVersion = "Xcode 9.3";
			developmentRegion = en;
			hasScannedForEncodings = 0;
			knownRegions = (
				en,
				Base,
			);
			mainGroup = 28F0A38927350E5700679CEC;
			productRefGroup = 28F0A39327350E5700679CEC /* Products */;
			projectDirPath = "";
			projectRoot = "";
			targets = (
				28F0A39127350E5700679CEC /* VKNew */,
			);
		};
/* End PBXProject section */

/* Begin PBXResourcesBuildPhase section */
		28F0A39027350E5700679CEC /* Resources */ = {
			isa = PBXResourcesBuildPhase;
			buildActionMask = 2147483647;
			files = (
				28F0A3A527350E5D00679CEC /* LaunchScreen.storyboard in Resources */,
				28F0A3A227350E5D00679CEC /* Assets.xcassets in Resources */,
			);
			runOnlyForDeploymentPostprocessing = 0;
		};
/* End PBXResourcesBuildPhase section */

/* Begin PBXShellScriptBuildPhase section */
		98579CF9B67F2626C14B414E /* [CP] Embed Pods Frameworks */ = {
			isa = PBXShellScriptBuildPhase;
			buildActionMask = 2147483647;
			files = (
			);
			inputFileListPaths = (
				"${PODS_ROOT}/Target Support Files/Pods-VKNew/Pods-VKNew-frameworks-${CONFIGURATION}-input-files.xcfilelist",
			);
			name = "[CP] Embed Pods Frameworks";
			outputFileListPaths = (
				"${PODS_ROOT}/Target Support Files/Pods-VKNew/Pods-VKNew-frameworks-${CONFIGURATION}-output-files.xcfilelist",
			);
			runOnlyForDeploymentPostprocessing = 0;
			shellPath = /bin/sh;
			shellScript = "\"${PODS_ROOT}/Target Support Files/Pods-VKNew/Pods-VKNew-frameworks.sh\"\n";
			showEnvVarsInLog = 0;
		};
		C749141D0C13E649C83F9EF4 /* [CP] Check Pods Manifest.lock */ = {
			isa = PBXShellScriptBuildPhase;
			buildActionMask = 2147483647;
			files = (
			);
			inputFileListPaths = (
			);
			inputPaths = (
				"${PODS_PODFILE_DIR_PATH}/Podfile.lock",
				"${PODS_ROOT}/Manifest.lock",
			);
			name = "[CP] Check Pods Manifest.lock";
			outputFileListPaths = (
			);
			outputPaths = (
				"$(DERIVED_FILE_DIR)/Pods-VKNew-checkManifestLockResult.txt",
			);
			runOnlyForDeploymentPostprocessing = 0;
			shellPath = /bin/sh;
			shellScript = "diff \"${PODS_PODFILE_DIR_PATH}/Podfile.lock\" \"${PODS_ROOT}/Manifest.lock\" > /dev/null\nif [ $? != 0 ] ; then\n    # print error to STDERR\n    echo \"error: The sandbox is not in sync with the Podfile.lock. Run 'pod install' or update your CocoaPods installation.\" >&2\n    exit 1\nfi\n# This output is used by Xcode 'outputs' to avoid re-running this script phase.\necho \"SUCCESS\" > \"${SCRIPT_OUTPUT_FILE_0}\"\n";
			showEnvVarsInLog = 0;
		};
/* End PBXShellScriptBuildPhase section */

/* Begin PBXSourcesBuildPhase section */
		28F0A38E27350E5700679CEC /* Sources */ = {
			isa = PBXSourcesBuildPhase;
			buildActionMask = 2147483647;
			files = (
				28F0A3BB27353EB500679CEC /* SavedPostViewController.swift in Sources */,
				28F0A3AF27350EA900679CEC /* LoginViewController.swift in Sources */,
				28F0A39A27350E5700679CEC /* StartViewController.swift in Sources */,
				28F0A3B927353E9900679CEC /* ProfileViewController.swift in Sources */,
				28F0A3B527353E1C00679CEC /* MainTabBarController.swift in Sources */,
				28F0A3B327351F7D00679CEC /* AcceptRegistrationViewController.swift in Sources */,
				28F0A3A027350E5700679CEC /* VKNew.xcdatamodeld in Sources */,
				28F0A39627350E5700679CEC /* AppDelegate.swift in Sources */,
				28F0A3B727353E5500679CEC /* MainViewController.swift in Sources */,
				28F0A39827350E5700679CEC /* SceneDelegate.swift in Sources */,
				28F0A3AD27350E9F00679CEC /* RegistrationViewController.swift in Sources */,
			);
			runOnlyForDeploymentPostprocessing = 0;
		};
/* End PBXSourcesBuildPhase section */

/* Begin PBXVariantGroup section */
		28F0A3A327350E5D00679CEC /* LaunchScreen.storyboard */ = {
			isa = PBXVariantGroup;
			children = (
				28F0A3A427350E5D00679CEC /* Base */,
			);
			name = LaunchScreen.storyboard;
			sourceTree = "<group>";
		};
/* End PBXVariantGroup section */

/* Begin XCBuildConfiguration section */
		28F0A3A727350E5D00679CEC /* Debug */ = {
			isa = XCBuildConfiguration;
			buildSettings = {
				ALWAYS_SEARCH_USER_PATHS = NO;
				CLANG_ANALYZER_NONNULL = YES;
				CLANG_ANALYZER_NUMBER_OBJECT_CONVERSION = YES_AGGRESSIVE;
				CLANG_CXX_LANGUAGE_STANDARD = "gnu++14";
				CLANG_CXX_LIBRARY = "libc++";
				CLANG_ENABLE_MODULES = YES;
				CLANG_ENABLE_OBJC_ARC = YES;
				CLANG_ENABLE_OBJC_WEAK = YES;
				CLANG_WARN_BLOCK_CAPTURE_AUTORELEASING = YES;
				CLANG_WARN_BOOL_CONVERSION = YES;
				CLANG_WARN_COMMA = YES;
				CLANG_WARN_CONSTANT_CONVERSION = YES;
				CLANG_WARN_DEPRECATED_OBJC_IMPLEMENTATIONS = YES;
				CLANG_WARN_DIRECT_OBJC_ISA_USAGE = YES_ERROR;
				CLANG_WARN_DOCUMENTATION_COMMENTS = YES;
				CLANG_WARN_EMPTY_BODY = YES;
				CLANG_WARN_ENUM_CONVERSION = YES;
				CLANG_WARN_INFINITE_RECURSION = YES;
				CLANG_WARN_INT_CONVERSION = YES;
				CLANG_WARN_NON_LITERAL_NULL_CONVERSION = YES;
				CLANG_WARN_OBJC_IMPLICIT_RETAIN_SELF = YES;
				CLANG_WARN_OBJC_LITERAL_CONVERSION = YES;
				CLANG_WARN_OBJC_ROOT_CLASS = YES_ERROR;
				CLANG_WARN_QUOTED_INCLUDE_IN_FRAMEWORK_HEADER = YES;
				CLANG_WARN_RANGE_LOOP_ANALYSIS = YES;
				CLANG_WARN_STRICT_PROTOTYPES = YES;
				CLANG_WARN_SUSPICIOUS_MOVE = YES;
				CLANG_WARN_UNGUARDED_AVAILABILITY = YES_AGGRESSIVE;
				CLANG_WARN_UNREACHABLE_CODE = YES;
				CLANG_WARN__DUPLICATE_METHOD_MATCH = YES;
				COPY_PHASE_STRIP = NO;
				DEBUG_INFORMATION_FORMAT = dwarf;
				ENABLE_STRICT_OBJC_MSGSEND = YES;
				ENABLE_TESTABILITY = YES;
				GCC_C_LANGUAGE_STANDARD = gnu11;
				GCC_DYNAMIC_NO_PIC = NO;
				GCC_NO_COMMON_BLOCKS = YES;
				GCC_OPTIMIZATION_LEVEL = 0;
				GCC_PREPROCESSOR_DEFINITIONS = (
					"DEBUG=1",
					"$(inherited)",
				);
				GCC_WARN_64_TO_32_BIT_CONVERSION = YES;
				GCC_WARN_ABOUT_RETURN_TYPE = YES_ERROR;
				GCC_WARN_UNDECLARED_SELECTOR = YES;
				GCC_WARN_UNINITIALIZED_AUTOS = YES_AGGRESSIVE;
				GCC_WARN_UNUSED_FUNCTION = YES;
				GCC_WARN_UNUSED_VARIABLE = YES;
				IPHONEOS_DEPLOYMENT_TARGET = 14.5;
				MTL_ENABLE_DEBUG_INFO = INCLUDE_SOURCE;
				MTL_FAST_MATH = YES;
				ONLY_ACTIVE_ARCH = YES;
				SDKROOT = iphoneos;
				SWIFT_ACTIVE_COMPILATION_CONDITIONS = DEBUG;
				SWIFT_OPTIMIZATION_LEVEL = "-Onone";
			};
			name = Debug;
		};
		28F0A3A827350E5D00679CEC /* Release */ = {
			isa = XCBuildConfiguration;
			buildSettings = {
				ALWAYS_SEARCH_USER_PATHS = NO;
				CLANG_ANALYZER_NONNULL = YES;
				CLANG_ANALYZER_NUMBER_OBJECT_CONVERSION = YES_AGGRESSIVE;
				CLANG_CXX_LANGUAGE_STANDARD = "gnu++14";
				CLANG_CXX_LIBRARY = "libc++";
				CLANG_ENABLE_MODULES = YES;
				CLANG_ENABLE_OBJC_ARC = YES;
				CLANG_ENABLE_OBJC_WEAK = YES;
				CLANG_WARN_BLOCK_CAPTURE_AUTORELEASING = YES;
				CLANG_WARN_BOOL_CONVERSION = YES;
				CLANG_WARN_COMMA = YES;
				CLANG_WARN_CONSTANT_CONVERSION = YES;
				CLANG_WARN_DEPRECATED_OBJC_IMPLEMENTATIONS = YES;
				CLANG_WARN_DIRECT_OBJC_ISA_USAGE = YES_ERROR;
				CLANG_WARN_DOCUMENTATION_COMMENTS = YES;
				CLANG_WARN_EMPTY_BODY = YES;
				CLANG_WARN_ENUM_CONVERSION = YES;
				CLANG_WARN_INFINITE_RECURSION = YES;
				CLANG_WARN_INT_CONVERSION = YES;
				CLANG_WARN_NON_LITERAL_NULL_CONVERSION = YES;
				CLANG_WARN_OBJC_IMPLICIT_RETAIN_SELF = YES;
				CLANG_WARN_OBJC_LITERAL_CONVERSION = YES;
				CLANG_WARN_OBJC_ROOT_CLASS = YES_ERROR;
				CLANG_WARN_QUOTED_INCLUDE_IN_FRAMEWORK_HEADER = YES;
				CLANG_WARN_RANGE_LOOP_ANALYSIS = YES;
				CLANG_WARN_STRICT_PROTOTYPES = YES;
				CLANG_WARN_SUSPICIOUS_MOVE = YES;
				CLANG_WARN_UNGUARDED_AVAILABILITY = YES_AGGRESSIVE;
				CLANG_WARN_UNREACHABLE_CODE = YES;
				CLANG_WARN__DUPLICATE_METHOD_MATCH = YES;
				COPY_PHASE_STRIP = NO;
				DEBUG_INFORMATION_FORMAT = "dwarf-with-dsym";
				ENABLE_NS_ASSERTIONS = NO;
				ENABLE_STRICT_OBJC_MSGSEND = YES;
				GCC_C_LANGUAGE_STANDARD = gnu11;
				GCC_NO_COMMON_BLOCKS = YES;
				GCC_WARN_64_TO_32_BIT_CONVERSION = YES;
				GCC_WARN_ABOUT_RETURN_TYPE = YES_ERROR;
				GCC_WARN_UNDECLARED_SELECTOR = YES;
				GCC_WARN_UNINITIALIZED_AUTOS = YES_AGGRESSIVE;
				GCC_WARN_UNUSED_FUNCTION = YES;
				GCC_WARN_UNUSED_VARIABLE = YES;
				IPHONEOS_DEPLOYMENT_TARGET = 14.5;
				MTL_ENABLE_DEBUG_INFO = NO;
				MTL_FAST_MATH = YES;
				SDKROOT = iphoneos;
				SWIFT_COMPILATION_MODE = wholemodule;
				SWIFT_OPTIMIZATION_LEVEL = "-O";
				VALIDATE_PRODUCT = YES;
			};
			name = Release;
		};
		28F0A3AA27350E5D00679CEC /* Debug */ = {
			isa = XCBuildConfiguration;
			baseConfigurationReference = 20FB4FA6E3B82B1F30F474DC /* Pods-VKNew.debug.xcconfig */;
			buildSettings = {
				ASSETCATALOG_COMPILER_APPICON_NAME = AppIcon;
				ASSETCATALOG_COMPILER_GLOBAL_ACCENT_COLOR_NAME = AccentColor;
				CODE_SIGN_STYLE = Automatic;
				INFOPLIST_FILE = VKNew/Info.plist;
				LD_RUNPATH_SEARCH_PATHS = (
					"$(inherited)",
					"@executable_path/Frameworks",
				);
				PRODUCT_BUNDLE_IDENTIFIER = ios7.cherepova.VKNew;
				PRODUCT_NAME = "$(TARGET_NAME)";
				SWIFT_VERSION = 5.0;
				TARGETED_DEVICE_FAMILY = "1,2";
			};
			name = Debug;
		};
		28F0A3AB27350E5D00679CEC /* Release */ = {
			isa = XCBuildConfiguration;
			baseConfigurationReference = 60F8287DBA1E5764B881B2AE /* Pods-VKNew.release.xcconfig */;
			buildSettings = {
				ASSETCATALOG_COMPILER_APPICON_NAME = AppIcon;
				ASSETCATALOG_COMPILER_GLOBAL_ACCENT_COLOR_NAME = AccentColor;
				CODE_SIGN_STYLE = Automatic;
				INFOPLIST_FILE = VKNew/Info.plist;
				LD_RUNPATH_SEARCH_PATHS = (
					"$(inherited)",
					"@executable_path/Frameworks",
				);
				PRODUCT_BUNDLE_IDENTIFIER = ios7.cherepova.VKNew;
				PRODUCT_NAME = "$(TARGET_NAME)";
				SWIFT_VERSION = 5.0;
				TARGETED_DEVICE_FAMILY = "1,2";
			};
			name = Release;
		};
/* End XCBuildConfiguration section */

/* Begin XCConfigurationList section */
		28F0A38D27350E5700679CEC /* Build configuration list for PBXProject "VKNew" */ = {
			isa = XCConfigurationList;
			buildConfigurations = (
				28F0A3A727350E5D00679CEC /* Debug */,
				28F0A3A827350E5D00679CEC /* Release */,
			);
			defaultConfigurationIsVisible = 0;
			defaultConfigurationName = Release;
		};
		28F0A3A927350E5D00679CEC /* Build configuration list for PBXNativeTarget "VKNew" */ = {
			isa = XCConfigurationList;
			buildConfigurations = (
				28F0A3AA27350E5D00679CEC /* Debug */,
				28F0A3AB27350E5D00679CEC /* Release */,
			);
			defaultConfigurationIsVisible = 0;
			defaultConfigurationName = Release;
		};
/* End XCConfigurationList section */

/* Begin XCVersionGroup section */
		28F0A39E27350E5700679CEC /* VKNew.xcdatamodeld */ = {
			isa = XCVersionGroup;
			children = (
				28F0A39F27350E5700679CEC /* VKNew.xcdatamodel */,
			);
			currentVersion = 28F0A39F27350E5700679CEC /* VKNew.xcdatamodel */;
			path = VKNew.xcdatamodeld;
			sourceTree = "<group>";
			versionGroupType = wrapper.xcdatamodel;
		};
/* End XCVersionGroup section */
	};
	rootObject = 28F0A38A27350E5700679CEC /* Project object */;
}
